{
    "version": 3,
    "terraform_version": "0.11.7",
    "serial": 5,
    "lineage": "0c359d31-6590-48b3-e3ef-9482ad54c3da",
    "modules": [
        {
            "path": [
                "root"
            ],
            "outputs": {
                "application": {
                    "sensitive": false,
                    "type": "string",
                    "value": "er-web"
                },
                "ec2_instance_profile_role_name": {
                    "sensitive": false,
                    "type": "string",
                    "value": "er-web-test-staging-app-ec2"
                },
                "elb_zone_id": {
                    "sensitive": false,
                    "type": "string",
                    "value": "Z38NKT9BP95V3O"
                },
                "host": {
                    "sensitive": false,
                    "type": "string",
                    "value": ""
                },
                "name": {
                    "sensitive": false,
                    "type": "string",
                    "value": "er-web-test-staging-app"
                },
                "security_group_id": {
                    "sensitive": false,
                    "type": "string",
                    "value": "sg-0b366b76825c83809"
                },
                "setting": {
                    "sensitive": false,
                    "type": "list",
                    "value": [
                        {
                            "name": "DEFAULT_ENV_0",
                            "namespace": "aws:elasticbeanstalk:application:environment",
                            "resource": "",
                            "value": "UNSET"
                        },
                        {
                            "name": "DEFAULT_ENV_36",
                            "namespace": "aws:elasticbeanstalk:application:environment",
                            "resource": "",
                            "value": "UNSET"
                        },
                        {
                            "name": "DEFAULT_ENV_46",
                            "namespace": "aws:elasticbeanstalk:application:environment",
                            "resource": "",
                            "value": "UNSET"
                        },
                        {
                            "name": "DEFAULT_ENV_21",
                            "namespace": "aws:elasticbeanstalk:application:environment",
                            "resource": "",
                            "value": "UNSET"
                        },
                        {
                            "name": "InstancePort",
                            "namespace": "aws:elb:listener:443",
                            "resource": "",
                            "value": "80"
                        },
                        {
                            "name": "UpperBreachScaleIncrement",
                            "namespace": "aws:autoscaling:trigger",
                            "resource": "",
                            "value": "1"
                        },
                        {
                            "name": "DEFAULT_ENV_18",
                            "namespace": "aws:elasticbeanstalk:application:environment",
                            "resource": "",
                            "value": "UNSET"
                        },
                        {
                            "name": "DEFAULT_ENV_13",
                            "namespace": "aws:elasticbeanstalk:application:environment",
                            "resource": "",
                            "value": "UNSET"
                        },
                        {
                            "name": "HealthCheckPath",
                            "namespace": "aws:elasticbeanstalk:environment:process:default",
                            "resource": "",
                            "value": "/healthcheck"
                        },
                        {
                            "name": "BASE_HOST",
                            "namespace": "aws:elasticbeanstalk:application:environment",
                            "resource": "",
                            "value": "app"
                        },
                        {
                            "name": "MinSize",
                            "namespace": "aws:autoscaling:asg",
                            "resource": "",
                            "value": "2"
                        },
                        {
                            "name": "MaxBatchSize",
                            "namespace": "aws:autoscaling:updatepolicy:rollingupdate",
                            "resource": "",
                            "value": "1"
                        },
                        {
                            "name": "SSHSourceRestriction",
                            "namespace": "aws:autoscaling:launchconfiguration",
                            "resource": "",
                            "value": "tcp,22,22,0.0.0.0/0"
                        },
                        {
                            "name": "DEFAULT_ENV_10",
                            "namespace": "aws:elasticbeanstalk:application:environment",
                            "resource": "",
                            "value": "UNSET"
                        },
                        {
                            "name": "SecurityGroups",
                            "namespace": "aws:elbv2:loadbalancer",
                            "resource": "",
                            "value": ""
                        },
                        {
                            "name": "NodeVersion",
                            "namespace": "aws:elasticbeanstalk:container:nodejs",
                            "resource": "",
                            "value": ""
                        },
                        {
                            "name": "ELBSubnets",
                            "namespace": "aws:ec2:vpc",
                            "resource": "",
                            "value": "subnet-0aedf12ab947fe8ac"
                        },
                        {
                            "name": "PreferredStartTime",
                            "namespace": "aws:elasticbeanstalk:managedactions",
                            "resource": "",
                            "value": "Sun:10:00"
                        },
                        {
                            "name": "SecurityGroups",
                            "namespace": "aws:autoscaling:launchconfiguration",
                            "resource": "",
                            "value": "sg-05faec578ac8b088d"
                        },
                        {
                            "name": "DEFAULT_ENV_3",
                            "namespace": "aws:elasticbeanstalk:application:environment",
                            "resource": "",
                            "value": "UNSET"
                        },
                        {
                            "name": "DEFAULT_ENV_35",
                            "namespace": "aws:elasticbeanstalk:application:environment",
                            "resource": "",
                            "value": "UNSET"
                        },
                        {
                            "name": "DEFAULT_ENV_8",
                            "namespace": "aws:elasticbeanstalk:application:environment",
                            "resource": "",
                            "value": "UNSET"
                        },
                        {
                            "name": "ListenerProtocol",
                            "namespace": "aws:elb:listener",
                            "resource": "",
                            "value": "HTTP"
                        },
                        {
                            "name": "RetentionInDays",
                            "namespace": "aws:elasticbeanstalk:cloudwatch:logs",
                            "resource": "",
                            "value": "7"
                        },
                        {
                            "name": "DEFAULT_ENV_45",
                            "namespace": "aws:elasticbeanstalk:application:environment",
                            "resource": "",
                            "value": "UNSET"
                        },
                        {
                            "name": "DEFAULT_ENV_29",
                            "namespace": "aws:elasticbeanstalk:application:environment",
                            "resource": "",
                            "value": "UNSET"
                        },
                        {
                            "name": "DEFAULT_ENV_22",
                            "namespace": "aws:elasticbeanstalk:application:environment",
                            "resource": "",
                            "value": "UNSET"
                        },
                        {
                            "name": "InstancePort",
                            "namespace": "aws:elb:listener:22",
                            "resource": "",
                            "value": "22"
                        },
                        {
                            "name": "DEFAULT_ENV_16",
                            "namespace": "aws:elasticbeanstalk:application:environment",
                            "resource": "",
                            "value": "UNSET"
                        },
                        {
                            "name": "Subnets",
                            "namespace": "aws:ec2:vpc",
                            "resource": "",
                            "value": "subnet-08c967246dcfedd35"
                        },
                        {
                            "name": "ListenerEnabled",
                            "namespace": "aws:elbv2:listener:443",
                            "resource": "",
                            "value": "0"
                        },
                        {
                            "name": "RootVolumeSize",
                            "namespace": "aws:autoscaling:launchconfiguration",
                            "resource": "",
                            "value": "8"
                        },
                        {
                            "name": "HealthStreamingEnabled",
                            "namespace": "aws:elasticbeanstalk:cloudwatch:logs:health",
                            "resource": "",
                            "value": "0"
                        },
                        {
                            "name": "ListenerEnabled",
                            "namespace": "aws:elb:listener:443",
                            "resource": "",
                            "value": "0"
                        },
                        {
                            "name": "RollingUpdateEnabled",
                            "namespace": "aws:autoscaling:updatepolicy:rollingupdate",
                            "resource": "",
                            "value": "1"
                        },
                        {
                            "name": "DEFAULT_ENV_33",
                            "namespace": "aws:elasticbeanstalk:application:environment",
                            "resource": "",
                            "value": "UNSET"
                        },
                        {
                            "name": "DEFAULT_ENV_5",
                            "namespace": "aws:elasticbeanstalk:application:environment",
                            "resource": "",
                            "value": "UNSET"
                        },
                        {
                            "name": "ELBScheme",
                            "namespace": "aws:ec2:vpc",
                            "resource": "",
                            "value": "public"
                        },
                        {
                            "name": "DEFAULT_ENV_38",
                            "namespace": "aws:elasticbeanstalk:application:environment",
                            "resource": "",
                            "value": "UNSET"
                        },
                        {
                            "name": "AssociatePublicIpAddress",
                            "namespace": "aws:ec2:vpc",
                            "resource": "",
                            "value": "0"
                        },
                        {
                            "name": "DEFAULT_ENV_24",
                            "namespace": "aws:elasticbeanstalk:application:environment",
                            "resource": "",
                            "value": "UNSET"
                        },
                        {
                            "name": "AccessLogsS3Enabled",
                            "namespace": "aws:elbv2:loadbalancer",
                            "resource": "",
                            "value": "1"
                        },
                        {
                            "name": "CrossZone",
                            "namespace": "aws:elb:loadbalancer",
                            "resource": "",
                            "value": "1"
                        },
                        {
                            "name": "DEFAULT_ENV_48",
                            "namespace": "aws:elasticbeanstalk:application:environment",
                            "resource": "",
                            "value": "UNSET"
                        },
                        {
                            "name": "RootVolumeType",
                            "namespace": "aws:autoscaling:launchconfiguration",
                            "resource": "",
                            "value": "gp2"
                        },
                        {
                            "name": "DEFAULT_ENV_43",
                            "namespace": "aws:elasticbeanstalk:application:environment",
                            "resource": "",
                            "value": "UNSET"
                        },
                        {
                            "name": "BatchSizeType",
                            "namespace": "aws:elasticbeanstalk:command",
                            "resource": "",
                            "value": "Fixed"
                        },
                        {
                            "name": "DEFAULT_ENV_30",
                            "namespace": "aws:elasticbeanstalk:application:environment",
                            "resource": "",
                            "value": "UNSET"
                        },
                        {
                            "name": "SSLPolicy",
                            "namespace": "aws:elbv2:listener:443",
                            "resource": "",
                            "value": ""
                        },
                        {
                            "name": "DEFAULT_ENV_6",
                            "namespace": "aws:elasticbeanstalk:application:environment",
                            "resource": "",
                            "value": "UNSET"
                        },
                        {
                            "name": "Port",
                            "namespace": "aws:elasticbeanstalk:environment:process:default",
                            "resource": "",
                            "value": "80"
                        },
                        {
                            "name": "DEFAULT_ENV_27",
                            "namespace": "aws:elasticbeanstalk:application:environment",
                            "resource": "",
                            "value": "UNSET"
                        },
                        {
                            "name": "DEFAULT_ENV_40",
                            "namespace": "aws:elasticbeanstalk:application:environment",
                            "resource": "",
                            "value": "UNSET"
                        },
                        {
                            "name": "Notification Topic ARN",
                            "namespace": "aws:elasticbeanstalk:sns:topics",
                            "resource": "",
                            "value": ""
                        },
                        {
                            "name": "Notification Endpoint",
                            "namespace": "aws:elasticbeanstalk:sns:topics",
                            "resource": "",
                            "value": ""
                        },
                        {
                            "name": "DEFAULT_ENV_15",
                            "namespace": "aws:elasticbeanstalk:application:environment",
                            "resource": "",
                            "value": "UNSET"
                        },
                        {
                            "name": "ListenerEnabled",
                            "namespace": "aws:elb:listener:22",
                            "resource": "",
                            "value": "0"
                        },
                        {
                            "name": "BatchSize",
                            "namespace": "aws:elasticbeanstalk:command",
                            "resource": "",
                            "value": "1"
                        },
                        {
                            "name": "MinInstancesInService",
                            "namespace": "aws:autoscaling:updatepolicy:rollingupdate",
                            "resource": "",
                            "value": "1"
                        },
                        {
                            "name": "StreamLogs",
                            "namespace": "aws:elasticbeanstalk:cloudwatch:logs",
                            "resource": "",
                            "value": "0"
                        },
                        {
                            "name": "DEFAULT_ENV_11",
                            "namespace": "aws:elasticbeanstalk:application:environment",
                            "resource": "",
                            "value": "UNSET"
                        },
                        {
                            "name": "Availability Zones",
                            "namespace": "aws:autoscaling:asg",
                            "resource": "",
                            "value": "Any 2"
                        },
                        {
                            "name": "RollingUpdateType",
                            "namespace": "aws:autoscaling:updatepolicy:rollingupdate",
                            "resource": "",
                            "value": "Health"
                        },
                        {
                            "name": "DeleteOnTerminate",
                            "namespace": "aws:elasticbeanstalk:cloudwatch:logs:health",
                            "resource": "",
                            "value": "0"
                        },
                        {
                            "name": "LowerThreshold",
                            "namespace": "aws:autoscaling:trigger",
                            "resource": "",
                            "value": "20"
                        },
                        {
                            "name": "SystemType",
                            "namespace": "aws:elasticbeanstalk:healthreporting:system",
                            "resource": "",
                            "value": "enhanced"
                        },
                        {
                            "name": "ListenerEnabled",
                            "namespace": "aws:elbv2:listener:default",
                            "resource": "",
                            "value": "1"
                        },
                        {
                            "name": "DEFAULT_ENV_34",
                            "namespace": "aws:elasticbeanstalk:application:environment",
                            "resource": "",
                            "value": "UNSET"
                        },
                        {
                            "name": "LogPublicationControl",
                            "namespace": "aws:elasticbeanstalk:hostmanager",
                            "resource": "",
                            "value": "0"
                        },
                        {
                            "name": "DEFAULT_ENV_9",
                            "namespace": "aws:elasticbeanstalk:application:environment",
                            "resource": "",
                            "value": "UNSET"
                        },
                        {
                            "name": "LoadBalancerType",
                            "namespace": "aws:elasticbeanstalk:environment",
                            "resource": "",
                            "value": "classic"
                        },
                        {
                            "name": "DEFAULT_ENV_2",
                            "namespace": "aws:elasticbeanstalk:application:environment",
                            "resource": "",
                            "value": "UNSET"
                        },
                        {
                            "name": "ManagedActionsEnabled",
                            "namespace": "aws:elasticbeanstalk:managedactions",
                            "resource": "",
                            "value": "1"
                        },
                        {
                            "name": "DEFAULT_ENV_23",
                            "namespace": "aws:elasticbeanstalk:application:environment",
                            "resource": "",
                            "value": "UNSET"
                        },
                        {
                            "name": "Application Healthcheck URL",
                            "namespace": "aws:elasticbeanstalk:application",
                            "resource": "",
                            "value": "HTTP:80/healthcheck"
                        },
                        {
                            "name": "DEFAULT_ENV_44",
                            "namespace": "aws:elasticbeanstalk:application:environment",
                            "resource": "",
                            "value": "UNSET"
                        },
                        {
                            "name": "DEFAULT_ENV_28",
                            "namespace": "aws:elasticbeanstalk:application:environment",
                            "resource": "",
                            "value": "UNSET"
                        },
                        {
                            "name": "CONFIG_SOURCE",
                            "namespace": "aws:elasticbeanstalk:application:environment",
                            "resource": "",
                            "value": ""
                        },
                        {
                            "name": "Unit",
                            "namespace": "aws:autoscaling:trigger",
                            "resource": "",
                            "value": "Percent"
                        },
                        {
                            "name": "VPCId",
                            "namespace": "aws:ec2:vpc",
                            "resource": "",
                            "value": "vpc-0a6b59b871f2f00db"
                        },
                        {
                            "name": "DEFAULT_ENV_37",
                            "namespace": "aws:elasticbeanstalk:application:environment",
                            "resource": "",
                            "value": "UNSET"
                        },
                        {
                            "name": "DEFAULT_ENV_1",
                            "namespace": "aws:elasticbeanstalk:application:environment",
                            "resource": "",
                            "value": "UNSET"
                        },
                        {
                            "name": "IamInstanceProfile",
                            "namespace": "aws:autoscaling:launchconfiguration",
                            "resource": "",
                            "value": "er-web-test-staging-app-ec2"
                        },
                        {
                            "name": "ConnectionSettingIdleTimeout",
                            "namespace": "aws:elb:policies",
                            "resource": "",
                            "value": "60"
                        },
                        {
                            "name": "DEFAULT_ENV_20",
                            "namespace": "aws:elasticbeanstalk:application:environment",
                            "resource": "",
                            "value": "UNSET"
                        },
                        {
                            "name": "EnvironmentType",
                            "namespace": "aws:elasticbeanstalk:environment",
                            "resource": "",
                            "value": "LoadBalanced"
                        },
                        {
                            "name": "Protocol",
                            "namespace": "aws:elbv2:listener:443",
                            "resource": "",
                            "value": "HTTPS"
                        },
                        {
                            "name": "DEFAULT_ENV_47",
                            "namespace": "aws:elasticbeanstalk:application:environment",
                            "resource": "",
                            "value": "UNSET"
                        },
                        {
                            "name": "UpdateLevel",
                            "namespace": "aws:elasticbeanstalk:managedactions:platformupdate",
                            "resource": "",
                            "value": "minor"
                        },
                        {
                            "name": "DEFAULT_ENV_12",
                            "namespace": "aws:elasticbeanstalk:application:environment",
                            "resource": "",
                            "value": "UNSET"
                        },
                        {
                            "name": "MaxSize",
                            "namespace": "aws:autoscaling:asg",
                            "resource": "",
                            "value": "3"
                        },
                        {
                            "name": "DEFAULT_ENV_19",
                            "namespace": "aws:elasticbeanstalk:application:environment",
                            "resource": "",
                            "value": "UNSET"
                        },
                        {
                            "name": "InstanceType",
                            "namespace": "aws:autoscaling:launchconfiguration",
                            "resource": "",
                            "value": "t2.micro"
                        },
                        {
                            "name": "DEFAULT_ENV_7",
                            "namespace": "aws:elasticbeanstalk:application:environment",
                            "resource": "",
                            "value": "UNSET"
                        },
                        {
                            "name": "InstanceRefreshEnabled",
                            "namespace": "aws:elasticbeanstalk:managedactions:platformupdate",
                            "resource": "",
                            "value": "1"
                        },
                        {
                            "name": "DEFAULT_ENV_31",
                            "namespace": "aws:elasticbeanstalk:application:environment",
                            "resource": "",
                            "value": "UNSET"
                        },
                        {
                            "name": "MeasureName",
                            "namespace": "aws:autoscaling:trigger",
                            "resource": "",
                            "value": "CPUUtilization"
                        },
                        {
                            "name": "Statistic",
                            "namespace": "aws:autoscaling:trigger",
                            "resource": "",
                            "value": "Average"
                        },
                        {
                            "name": "Protocol",
                            "namespace": "aws:elasticbeanstalk:environment:process:default",
                            "resource": "",
                            "value": "HTTP"
                        },
                        {
                            "name": "DEFAULT_ENV_41",
                            "namespace": "aws:elasticbeanstalk:application:environment",
                            "resource": "",
                            "value": "UNSET"
                        },
                        {
                            "name": "DeleteOnTerminate",
                            "namespace": "aws:elasticbeanstalk:cloudwatch:logs",
                            "resource": "",
                            "value": "0"
                        },
                        {
                            "name": "DEFAULT_ENV_26",
                            "namespace": "aws:elasticbeanstalk:application:environment",
                            "resource": "",
                            "value": "UNSET"
                        },
                        {
                            "name": "ServiceRole",
                            "namespace": "aws:elasticbeanstalk:environment",
                            "resource": "",
                            "value": "er-web-test-staging-app-service"
                        },
                        {
                            "name": "DeploymentPolicy",
                            "namespace": "aws:elasticbeanstalk:command",
                            "resource": "",
                            "value": "Rolling"
                        },
                        {
                            "name": "Notification Topic Name",
                            "namespace": "aws:elasticbeanstalk:sns:topics",
                            "resource": "",
                            "value": ""
                        },
                        {
                            "name": "DEFAULT_ENV_14",
                            "namespace": "aws:elasticbeanstalk:application:environment",
                            "resource": "",
                            "value": "UNSET"
                        },
                        {
                            "name": "ListenerProtocol",
                            "namespace": "aws:elb:listener:443",
                            "resource": "",
                            "value": "HTTPS"
                        },
                        {
                            "name": "Notification Protocol",
                            "namespace": "aws:elasticbeanstalk:sns:topics",
                            "resource": "",
                            "value": "email"
                        },
                        {
                            "name": "LowerBreachScaleIncrement",
                            "namespace": "aws:autoscaling:trigger",
                            "resource": "",
                            "value": "-1"
                        },
                        {
                            "name": "AccessLogsS3Bucket",
                            "namespace": "aws:elbv2:loadbalancer",
                            "resource": "",
                            "value": "er-beta-web-staging-app-logs"
                        },
                        {
                            "name": "ListenerEnabled",
                            "namespace": "aws:elb:listener",
                            "resource": "",
                            "value": "1"
                        },
                        {
                            "name": "RetentionInDays",
                            "namespace": "aws:elasticbeanstalk:cloudwatch:logs:health",
                            "resource": "",
                            "value": "7"
                        },
                        {
                            "name": "SSLCertificateId",
                            "namespace": "aws:elb:listener:443",
                            "resource": "",
                            "value": ""
                        },
                        {
                            "name": "DEFAULT_ENV_17",
                            "namespace": "aws:elasticbeanstalk:application:environment",
                            "resource": "",
                            "value": "UNSET"
                        },
                        {
                            "name": "SSLCertificateArns",
                            "namespace": "aws:elbv2:listener:443",
                            "resource": "",
                            "value": ""
                        },
                        {
                            "name": "ListenerProtocol",
                            "namespace": "aws:elb:listener:22",
                            "resource": "",
                            "value": "TCP"
                        },
                        {
                            "name": "ConfigDocument",
                            "namespace": "aws:elasticbeanstalk:healthreporting:system",
                            "resource": "",
                            "value": "{ \"CloudWatchMetrics\": {}, \"Version\": 1}"
                        },
                        {
                            "name": "UpperThreshold",
                            "namespace": "aws:autoscaling:trigger",
                            "resource": "",
                            "value": "80"
                        },
                        {
                            "name": "ConnectionDrainingEnabled",
                            "namespace": "aws:elb:policies",
                            "resource": "",
                            "value": "1"
                        },
                        {
                            "name": "DEFAULT_ENV_4",
                            "namespace": "aws:elasticbeanstalk:application:environment",
                            "resource": "",
                            "value": "UNSET"
                        },
                        {
                            "name": "InstancePort",
                            "namespace": "aws:elb:listener",
                            "resource": "",
                            "value": "80"
                        },
                        {
                            "name": "DEFAULT_ENV_39",
                            "namespace": "aws:elasticbeanstalk:application:environment",
                            "resource": "",
                            "value": "UNSET"
                        },
                        {
                            "name": "DEFAULT_ENV_32",
                            "namespace": "aws:elasticbeanstalk:application:environment",
                            "resource": "",
                            "value": "UNSET"
                        },
                        {
                            "name": "ManagedSecurityGroup",
                            "namespace": "aws:elbv2:loadbalancer",
                            "resource": "",
                            "value": ""
                        },
                        {
                            "name": "SecurityGroups",
                            "namespace": "aws:elb:loadbalancer",
                            "resource": "",
                            "value": ""
                        },
                        {
                            "name": "ManagedSecurityGroup",
                            "namespace": "aws:elb:loadbalancer",
                            "resource": "",
                            "value": ""
                        },
                        {
                            "name": "DEFAULT_ENV_42",
                            "namespace": "aws:elasticbeanstalk:application:environment",
                            "resource": "",
                            "value": "UNSET"
                        },
                        {
                            "name": "EC2KeyName",
                            "namespace": "aws:autoscaling:launchconfiguration",
                            "resource": "",
                            "value": "er-web-key"
                        },
                        {
                            "name": "DEFAULT_ENV_25",
                            "namespace": "aws:elasticbeanstalk:application:environment",
                            "resource": "",
                            "value": "UNSET"
                        },
                        {
                            "name": "DEFAULT_ENV_49",
                            "namespace": "aws:elasticbeanstalk:application:environment",
                            "resource": "",
                            "value": "UNSET"
                        }
                    ]
                },
                "tier": {
                    "sensitive": false,
                    "type": "string",
                    "value": "WebServer"
                }
            },
            "resources": {
                "aws_s3_bucket.elb_logs": {
                    "type": "aws_s3_bucket",
                    "depends_on": [
                        "data.aws_iam_policy_document.elb_logs",
                        "module.label"
                    ],
                    "primary": {
                        "id": "er-web-test-staging-app-logs",
                        "attributes": {
                            "acceleration_status": "",
                            "acl": "private",
                            "arn": "arn:aws:s3:::er-web-test-staging-app-logs",
                            "bucket": "er-web-test-staging-app-logs",
                            "bucket_domain_name": "er-web-test-staging-app-logs.s3.amazonaws.com",
                            "bucket_regional_domain_name": "er-web-test-staging-app-logs.s3.us-west-2.amazonaws.com",
                            "cors_rule.#": "0",
                            "force_destroy": "false",
                            "hosted_zone_id": "Z3BJ6K6RIION7M",
                            "id": "er-web-test-staging-app-logs",
                            "lifecycle_rule.#": "0",
                            "logging.#": "0",
                            "object_lock_configuration.#": "0",
                            "policy": "{\"Statement\":[{\"Action\":\"s3:PutObject\",\"Effect\":\"Allow\",\"Principal\":{\"AWS\":\"arn:aws:iam::797873946194:root\"},\"Resource\":\"arn:aws:s3:::er-web-test-staging-app-logs/*\",\"Sid\":\"\"}],\"Version\":\"2012-10-17\"}",
                            "region": "us-west-2",
                            "replication_configuration.#": "0",
                            "request_payer": "BucketOwner",
                            "server_side_encryption_configuration.#": "0",
                            "tags.%": "0",
                            "versioning.#": "1",
                            "versioning.0.enabled": "false",
                            "versioning.0.mfa_delete": "false",
                            "website.#": "0"
                        },
                        "meta": {},
                        "tainted": false
                    },
                    "deposed": [],
                    "provider": "provider.aws"
                },
                "aws_security_group.default": {
                    "type": "aws_security_group",
                    "depends_on": [
                        "module.label"
                    ],
                    "primary": {
                        "id": "sg-0b366b76825c83809",
                        "attributes": {
                            "arn": "arn:aws:ec2:us-west-2:858230312664:security-group/sg-0b366b76825c83809",
                            "description": "Allow inbound traffic from provided Security Groups",
                            "egress.#": "1",
                            "egress.482069346.cidr_blocks.#": "1",
                            "egress.482069346.cidr_blocks.0": "0.0.0.0/0",
                            "egress.482069346.description": "",
                            "egress.482069346.from_port": "0",
                            "egress.482069346.ipv6_cidr_blocks.#": "0",
                            "egress.482069346.prefix_list_ids.#": "0",
                            "egress.482069346.protocol": "-1",
                            "egress.482069346.security_groups.#": "0",
                            "egress.482069346.self": "false",
                            "egress.482069346.to_port": "0",
                            "id": "sg-0b366b76825c83809",
                            "ingress.#": "1",
                            "ingress.3549514908.cidr_blocks.#": "0",
                            "ingress.3549514908.description": "",
                            "ingress.3549514908.from_port": "0",
                            "ingress.3549514908.ipv6_cidr_blocks.#": "0",
                            "ingress.3549514908.prefix_list_ids.#": "0",
                            "ingress.3549514908.protocol": "-1",
                            "ingress.3549514908.security_groups.#": "4",
                            "ingress.3549514908.security_groups.1123786028": "sg-0a09421a128a859c7",
                            "ingress.3549514908.security_groups.2300438019": "sg-034e3bb40fc739547",
                            "ingress.3549514908.security_groups.3264974602": "sg-04ea0d6849d2b2305",
                            "ingress.3549514908.security_groups.911598210": "sg-03452e99205dae6a5",
                            "ingress.3549514908.self": "false",
                            "ingress.3549514908.to_port": "0",
                            "name": "er-web-test-staging-app",
                            "owner_id": "858230312664",
                            "revoke_rules_on_delete": "false",
                            "tags.%": "3",
                            "tags.Name": "er-web-test-staging-app",
                            "tags.Namespace": "er-web-test",
                            "tags.Stage": "staging",
                            "vpc_id": "vpc-0a6b59b871f2f00db"
                        },
                        "meta": {
                            "e2bfb730-ecaa-11e6-8f88-34363bc7c4c0": {
                                "create": 600000000000,
                                "delete": 600000000000
                            },
                            "schema_version": "1"
                        },
                        "tainted": false
                    },
                    "deposed": [],
                    "provider": "provider.aws"
                },
                "data.aws_elb_service_account.main": {
                    "type": "aws_elb_service_account",
                    "depends_on": [],
                    "primary": {
                        "id": "797873946194",
                        "attributes": {
                            "arn": "arn:aws:iam::797873946194:root",
                            "id": "797873946194"
                        },
                        "meta": {},
                        "tainted": false
                    },
                    "deposed": [],
                    "provider": "provider.aws"
                },
                "data.aws_iam_policy_document.default": {
                    "type": "aws_iam_policy_document",
                    "depends_on": [],
                    "primary": {
                        "id": "3758299711",
                        "attributes": {
                            "id": "3758299711",
                            "json": "{\n  \"Version\": \"2012-10-17\",\n  \"Statement\": [\n    {\n      \"Sid\": \"\",\n      \"Effect\": \"Allow\",\n      \"Action\": [\n        \"sqs:GetQueueUrl\",\n        \"sqs:GetQueueAttributes\",\n        \"elasticloadbalancing:DescribeTargetHealth\",\n        \"elasticloadbalancing:DescribeLoadBalancers\",\n        \"elasticloadbalancing:DescribeInstanceHealth\",\n        \"ec2:GetConsoleOutput\",\n        \"ec2:DescribeSecurityGroups\",\n        \"ec2:DescribeInstances\",\n        \"ec2:DescribeInstanceStatus\",\n        \"ec2:DescribeAddresses\",\n        \"ec2:AssociateAddress\",\n        \"autoscaling:DescribeScalingActivities\",\n        \"autoscaling:DescribeNotificationConfigurations\",\n        \"autoscaling:DescribeAutoScalingInstances\",\n        \"autoscaling:DescribeAutoScalingGroups\"\n      ],\n      \"Resource\": \"*\"\n    },\n    {\n      \"Sid\": \"AllowOperations\",\n      \"Effect\": \"Allow\",\n      \"Action\": [\n        \"sqs:GetQueueUrl\",\n        \"sqs:GetQueueAttributes\",\n        \"sns:Subscribe\",\n        \"sns:ListSubscriptionsByTopic\",\n        \"sns:GetTopicAttributes\",\n        \"sns:CreateTopic\",\n        \"s3:ListBucket\",\n        \"s3:GetObjectAcl\",\n        \"s3:GetObject\",\n        \"rds:DescribeOrderableDBInstanceOptions\",\n        \"rds:DescribeDBInstances\",\n        \"rds:DescribeDBEngineVersions\",\n        \"logs:PutRetentionPolicy\",\n        \"logs:CreateLogGroup\",\n        \"iam:PassRole\",\n        \"iam:ListRoles\",\n        \"elasticloadbalancing:RegisterTargets\",\n        \"elasticloadbalancing:RegisterInstancesWithLoadBalancer\",\n        \"elasticloadbalancing:DescribeTargetHealth\",\n        \"elasticloadbalancing:DescribeTargetGroups\",\n        \"elasticloadbalancing:DescribeLoadBalancers\",\n        \"elasticloadbalancing:DescribeInstanceHealth\",\n        \"elasticloadbalancing:DeregisterTargets\",\n        \"elasticloadbalancing:DeregisterInstancesFromLoadBalancer\",\n        \"elasticloadbalancing:DeleteLoadBalancer\",\n        \"elasticloadbalancing:CreateLoadBalancer\",\n        \"elasticloadbalancing:ConfigureHealthCheck\",\n        \"elasticloadbalancing:ApplySecurityGroupsToLoadBalancer\",\n        \"elasticbeanstalk:*\",\n        \"ecs:RegisterTaskDefinition\",\n        \"ecs:DescribeClusters\",\n        \"ecs:DeleteCluster\",\n        \"ecs:CreateCluster\",\n        \"ec2:TerminateInstances\",\n        \"ec2:RevokeSecurityGroupIngress\",\n        \"ec2:RevokeSecurityGroupEgress\",\n        \"ec2:ReleaseAddress\",\n        \"ec2:DisassociateAddress\",\n        \"ec2:DescribeVpcs\",\n        \"ec2:DescribeSubnets\",\n        \"ec2:DescribeSnapshots\",\n        \"ec2:DescribeSecurityGroups\",\n        \"ec2:DescribeKeyPairs\",\n        \"ec2:DescribeInstances\",\n        \"ec2:DescribeImages\",\n        \"ec2:DescribeAddresses\",\n        \"ec2:DescribeAccountAttributes\",\n        \"ec2:DeleteSecurityGroup\",\n        \"ec2:CreateSecurityGroup\",\n        \"ec2:AuthorizeSecurityGroupIngress\",\n        \"ec2:AuthorizeSecurityGroupEgress\",\n        \"ec2:AssociateAddress\",\n        \"ec2:AllocateAddress\",\n        \"codebuild:StartBuild\",\n        \"codebuild:DeleteProject\",\n        \"codebuild:CreateProject\",\n        \"codebuild:BatchGetBuilds\",\n        \"cloudwatch:PutMetricAlarm\",\n        \"autoscaling:UpdateAutoScalingGroup\",\n        \"autoscaling:TerminateInstanceInAutoScalingGroup\",\n        \"autoscaling:SuspendProcesses\",\n        \"autoscaling:SetDesiredCapacity\",\n        \"autoscaling:ResumeProcesses\",\n        \"autoscaling:PutScheduledUpdateGroupAction\",\n        \"autoscaling:DetachInstances\",\n        \"autoscaling:DescribeScheduledActions\",\n        \"autoscaling:DescribeScalingActivities\",\n        \"autoscaling:DescribeNotificationConfigurations\",\n        \"autoscaling:DescribeLoadBalancers\",\n        \"autoscaling:DescribeLaunchConfigurations\",\n        \"autoscaling:DescribeAutoScalingInstances\",\n        \"autoscaling:DescribeAutoScalingGroups\",\n        \"autoscaling:DescribeAccountLimits\",\n        \"autoscaling:DeleteScheduledAction\",\n        \"autoscaling:DeleteLaunchConfiguration\",\n        \"autoscaling:DeleteAutoScalingGroup\",\n        \"autoscaling:CreateLaunchConfiguration\",\n        \"autoscaling:CreateAutoScalingGroup\",\n        \"autoscaling:AttachInstances\"\n      ],\n      \"Resource\": \"*\"\n    },\n    {\n      \"Sid\": \"AllowS3OperationsOnElasticBeanstalkBuckets\",\n      \"Effect\": \"Allow\",\n      \"Action\": \"s3:*\",\n      \"Resource\": \"arn:aws:s3:::*\"\n    },\n    {\n      \"Sid\": \"AllowDeleteCloudwatchLogGroups\",\n      \"Effect\": \"Allow\",\n      \"Action\": \"logs:DeleteLogGroup\",\n      \"Resource\": \"arn:aws:logs:*:*:log-group:/aws/elasticbeanstalk*\"\n    },\n    {\n      \"Sid\": \"AllowCloudformationOperationsOnElasticBeanstalkStacks\",\n      \"Effect\": \"Allow\",\n      \"Action\": \"cloudformation:*\",\n      \"Resource\": [\n        \"arn:aws:cloudformation:*:*:stack/eb-*\",\n        \"arn:aws:cloudformation:*:*:stack/awseb-*\"\n      ]\n    }\n  ]\n}",
                            "statement.#": "5",
                            "statement.0.actions.#": "15",
                            "statement.0.actions.1274732150": "autoscaling:DescribeAutoScalingGroups",
                            "statement.0.actions.1715831028": "elasticloadbalancing:DescribeInstanceHealth",
                            "statement.0.actions.1871363705": "elasticloadbalancing:DescribeTargetHealth",
                            "statement.0.actions.2009174805": "elasticloadbalancing:DescribeLoadBalancers",
                            "statement.0.actions.2177453935": "sqs:GetQueueAttributes",
                            "statement.0.actions.2319642253": "autoscaling:DescribeScalingActivities",
                            "statement.0.actions.235573035": "ec2:DescribeAddresses",
                            "statement.0.actions.2448883636": "autoscaling:DescribeAutoScalingInstances",
                            "statement.0.actions.3466923763": "ec2:DescribeInstances",
                            "statement.0.actions.361714279": "sqs:GetQueueUrl",
                            "statement.0.actions.3993110217": "autoscaling:DescribeNotificationConfigurations",
                            "statement.0.actions.4122399225": "ec2:AssociateAddress",
                            "statement.0.actions.70881040": "ec2:DescribeSecurityGroups",
                            "statement.0.actions.733372114": "ec2:GetConsoleOutput",
                            "statement.0.actions.893144657": "ec2:DescribeInstanceStatus",
                            "statement.0.condition.#": "0",
                            "statement.0.effect": "Allow",
                            "statement.0.not_actions.#": "0",
                            "statement.0.not_principals.#": "0",
                            "statement.0.not_resources.#": "0",
                            "statement.0.principals.#": "0",
                            "statement.0.resources.#": "1",
                            "statement.0.resources.2679715827": "*",
                            "statement.0.sid": "",
                            "statement.1.actions.#": "79",
                            "statement.1.actions.1040462066": "ecs:CreateCluster",
                            "statement.1.actions.111505067": "autoscaling:CreateAutoScalingGroup",
                            "statement.1.actions.1224205237": "autoscaling:DeleteAutoScalingGroup",
                            "statement.1.actions.1274732150": "autoscaling:DescribeAutoScalingGroups",
                            "statement.1.actions.1287944848": "codebuild:StartBuild",
                            "statement.1.actions.134707962": "rds:DescribeOrderableDBInstanceOptions",
                            "statement.1.actions.1423419021": "autoscaling:DeleteScheduledAction",
                            "statement.1.actions.1536675971": "autoscaling:UpdateAutoScalingGroup",
                            "statement.1.actions.157581488": "autoscaling:DescribeScheduledActions",
                            "statement.1.actions.1620349455": "elasticloadbalancing:RegisterTargets",
                            "statement.1.actions.1694350687": "ec2:DescribeKeyPairs",
                            "statement.1.actions.1715831028": "elasticloadbalancing:DescribeInstanceHealth",
                            "statement.1.actions.1729616050": "autoscaling:PutScheduledUpdateGroupAction",
                            "statement.1.actions.1765044567": "ec2:TerminateInstances",
                            "statement.1.actions.1782240822": "elasticloadbalancing:DeregisterTargets",
                            "statement.1.actions.1802654865": "ec2:DescribeAccountAttributes",
                            "statement.1.actions.1816191192": "rds:DescribeDBInstances",
                            "statement.1.actions.1871363705": "elasticloadbalancing:DescribeTargetHealth",
                            "statement.1.actions.1976214717": "autoscaling:DescribeLoadBalancers",
                            "statement.1.actions.2009174805": "elasticloadbalancing:DescribeLoadBalancers",
                            "statement.1.actions.2071725391": "s3:GetObject",
                            "statement.1.actions.2147105893": "autoscaling:AttachInstances",
                            "statement.1.actions.2177453935": "sqs:GetQueueAttributes",
                            "statement.1.actions.2249486182": "ec2:RevokeSecurityGroupIngress",
                            "statement.1.actions.2270227066": "ec2:DescribeImages",
                            "statement.1.actions.2319642253": "autoscaling:DescribeScalingActivities",
                            "statement.1.actions.235573035": "ec2:DescribeAddresses",
                            "statement.1.actions.2382482145": "sns:GetTopicAttributes",
                            "statement.1.actions.2425111070": "sns:ListSubscriptionsByTopic",
                            "statement.1.actions.2448883636": "autoscaling:DescribeAutoScalingInstances",
                            "statement.1.actions.2464853358": "ec2:AuthorizeSecurityGroupIngress",
                            "statement.1.actions.2517836488": "s3:GetObjectAcl",
                            "statement.1.actions.2555065653": "autoscaling:DescribeLaunchConfigurations",
                            "statement.1.actions.2583978246": "elasticbeanstalk:*",
                            "statement.1.actions.2680174281": "ec2:ReleaseAddress",
                            "statement.1.actions.2706807274": "elasticloadbalancing:DeregisterInstancesFromLoadBalancer",
                            "statement.1.actions.2727619928": "ec2:DescribeSnapshots",
                            "statement.1.actions.2748609266": "codebuild:BatchGetBuilds",
                            "statement.1.actions.2772249080": "ec2:DescribeVpcs",
                            "statement.1.actions.2809485102": "logs:CreateLogGroup",
                            "statement.1.actions.2825326771": "codebuild:DeleteProject",
                            "statement.1.actions.2876182729": "autoscaling:DeleteLaunchConfiguration",
                            "statement.1.actions.3063892003": "autoscaling:CreateLaunchConfiguration",
                            "statement.1.actions.3138337153": "elasticloadbalancing:DescribeTargetGroups",
                            "statement.1.actions.3217912739": "ecs:DeleteCluster",
                            "statement.1.actions.3254914448": "iam:ListRoles",
                            "statement.1.actions.3381669024": "ec2:DisassociateAddress",
                            "statement.1.actions.3466923763": "ec2:DescribeInstances",
                            "statement.1.actions.3469696720": "autoscaling:TerminateInstanceInAutoScalingGroup",
                            "statement.1.actions.3488874610": "elasticloadbalancing:CreateLoadBalancer",
                            "statement.1.actions.3531923417": "ec2:AuthorizeSecurityGroupEgress",
                            "statement.1.actions.361714279": "sqs:GetQueueUrl",
                            "statement.1.actions.3650516181": "autoscaling:SuspendProcesses",
                            "statement.1.actions.3699372668": "ec2:DescribeSubnets",
                            "statement.1.actions.3904439669": "ecs:RegisterTaskDefinition",
                            "statement.1.actions.3938318613": "elasticloadbalancing:ConfigureHealthCheck",
                            "statement.1.actions.3993110217": "autoscaling:DescribeNotificationConfigurations",
                            "statement.1.actions.4077740847": "logs:PutRetentionPolicy",
                            "statement.1.actions.4097283626": "ec2:AllocateAddress",
                            "statement.1.actions.4122399225": "ec2:AssociateAddress",
                            "statement.1.actions.4164593108": "autoscaling:DetachInstances",
                            "statement.1.actions.4177755175": "rds:DescribeDBEngineVersions",
                            "statement.1.actions.4274967226": "ecs:DescribeClusters",
                            "statement.1.actions.4290778399": "elasticloadbalancing:DeleteLoadBalancer",
                            "statement.1.actions.432460084": "elasticloadbalancing:ApplySecurityGroupsToLoadBalancer",
                            "statement.1.actions.432736201": "cloudwatch:PutMetricAlarm",
                            "statement.1.actions.486976917": "s3:ListBucket",
                            "statement.1.actions.506116069": "ec2:CreateSecurityGroup",
                            "statement.1.actions.557626329": "autoscaling:SetDesiredCapacity",
                            "statement.1.actions.610709712": "sns:Subscribe",
                            "statement.1.actions.646648939": "iam:PassRole",
                            "statement.1.actions.699290594": "codebuild:CreateProject",
                            "statement.1.actions.70881040": "ec2:DescribeSecurityGroups",
                            "statement.1.actions.756653589": "ec2:DeleteSecurityGroup",
                            "statement.1.actions.756717765": "ec2:RevokeSecurityGroupEgress",
                            "statement.1.actions.756944760": "sns:CreateTopic",
                            "statement.1.actions.794565959": "autoscaling:DescribeAccountLimits",
                            "statement.1.actions.897634786": "autoscaling:ResumeProcesses",
                            "statement.1.actions.982461153": "elasticloadbalancing:RegisterInstancesWithLoadBalancer",
                            "statement.1.condition.#": "0",
                            "statement.1.effect": "Allow",
                            "statement.1.not_actions.#": "0",
                            "statement.1.not_principals.#": "0",
                            "statement.1.not_resources.#": "0",
                            "statement.1.principals.#": "0",
                            "statement.1.resources.#": "1",
                            "statement.1.resources.2679715827": "*",
                            "statement.1.sid": "AllowOperations",
                            "statement.2.actions.#": "1",
                            "statement.2.actions.1834123015": "s3:*",
                            "statement.2.condition.#": "0",
                            "statement.2.effect": "Allow",
                            "statement.2.not_actions.#": "0",
                            "statement.2.not_principals.#": "0",
                            "statement.2.not_resources.#": "0",
                            "statement.2.principals.#": "0",
                            "statement.2.resources.#": "1",
                            "statement.2.resources.2835728174": "arn:aws:s3:::*",
                            "statement.2.sid": "AllowS3OperationsOnElasticBeanstalkBuckets",
                            "statement.3.actions.#": "1",
                            "statement.3.actions.3147366159": "logs:DeleteLogGroup",
                            "statement.3.condition.#": "0",
                            "statement.3.effect": "Allow",
                            "statement.3.not_actions.#": "0",
                            "statement.3.not_principals.#": "0",
                            "statement.3.not_resources.#": "0",
                            "statement.3.principals.#": "0",
                            "statement.3.resources.#": "1",
                            "statement.3.resources.961430510": "arn:aws:logs:*:*:log-group:/aws/elasticbeanstalk*",
                            "statement.3.sid": "AllowDeleteCloudwatchLogGroups",
                            "statement.4.actions.#": "1",
                            "statement.4.actions.2257256399": "cloudformation:*",
                            "statement.4.condition.#": "0",
                            "statement.4.effect": "Allow",
                            "statement.4.not_actions.#": "0",
                            "statement.4.not_principals.#": "0",
                            "statement.4.not_resources.#": "0",
                            "statement.4.principals.#": "0",
                            "statement.4.resources.#": "2",
                            "statement.4.resources.1623399612": "arn:aws:cloudformation:*:*:stack/awseb-*",
                            "statement.4.resources.3058079996": "arn:aws:cloudformation:*:*:stack/eb-*",
                            "statement.4.sid": "AllowCloudformationOperationsOnElasticBeanstalkStacks",
                            "version": "2012-10-17"
                        },
                        "meta": {},
                        "tainted": false
                    },
                    "deposed": [],
                    "provider": "provider.aws"
                },
                "data.aws_iam_policy_document.ec2": {
                    "type": "aws_iam_policy_document",
                    "depends_on": [],
                    "primary": {
                        "id": "664989371",
                        "attributes": {
                            "id": "664989371",
                            "json": "{\n  \"Version\": \"2012-10-17\",\n  \"Statement\": [\n    {\n      \"Sid\": \"\",\n      \"Effect\": \"Allow\",\n      \"Action\": \"sts:AssumeRole\",\n      \"Principal\": {\n        \"Service\": \"ec2.amazonaws.com\"\n      }\n    },\n    {\n      \"Sid\": \"\",\n      \"Effect\": \"Allow\",\n      \"Action\": \"sts:AssumeRole\",\n      \"Principal\": {\n        \"Service\": \"ssm.amazonaws.com\"\n      }\n    }\n  ]\n}",
                            "statement.#": "2",
                            "statement.0.actions.#": "1",
                            "statement.0.actions.2528466339": "sts:AssumeRole",
                            "statement.0.condition.#": "0",
                            "statement.0.effect": "Allow",
                            "statement.0.not_actions.#": "0",
                            "statement.0.not_principals.#": "0",
                            "statement.0.not_resources.#": "0",
                            "statement.0.principals.#": "1",
                            "statement.0.principals.1134724139.identifiers.#": "1",
                            "statement.0.principals.1134724139.identifiers.3655884555": "ec2.amazonaws.com",
                            "statement.0.principals.1134724139.type": "Service",
                            "statement.0.resources.#": "0",
                            "statement.0.sid": "",
                            "statement.1.actions.#": "1",
                            "statement.1.actions.2528466339": "sts:AssumeRole",
                            "statement.1.condition.#": "0",
                            "statement.1.effect": "Allow",
                            "statement.1.not_actions.#": "0",
                            "statement.1.not_principals.#": "0",
                            "statement.1.not_resources.#": "0",
                            "statement.1.principals.#": "1",
                            "statement.1.principals.2414993975.identifiers.#": "1",
                            "statement.1.principals.2414993975.identifiers.2832566709": "ssm.amazonaws.com",
                            "statement.1.principals.2414993975.type": "Service",
                            "statement.1.resources.#": "0",
                            "statement.1.sid": "",
                            "version": "2012-10-17"
                        },
                        "meta": {},
                        "tainted": false
                    },
                    "deposed": [],
                    "provider": "provider.aws"
                },
                "data.aws_iam_policy_document.elb_logs": {
                    "type": "aws_iam_policy_document",
                    "depends_on": [
                        "data.aws_elb_service_account.main",
                        "module.label"
                    ],
                    "primary": {
                        "id": "1975709400",
                        "attributes": {
                            "id": "1975709400",
                            "json": "{\n  \"Version\": \"2012-10-17\",\n  \"Statement\": [\n    {\n      \"Sid\": \"\",\n      \"Effect\": \"Allow\",\n      \"Action\": \"s3:PutObject\",\n      \"Resource\": \"arn:aws:s3:::er-web-test-staging-app-logs/*\",\n      \"Principal\": {\n        \"AWS\": \"arn:aws:iam::797873946194:root\"\n      }\n    }\n  ]\n}",
                            "statement.#": "1",
                            "statement.0.actions.#": "1",
                            "statement.0.actions.315547055": "s3:PutObject",
                            "statement.0.condition.#": "0",
                            "statement.0.effect": "Allow",
                            "statement.0.not_actions.#": "0",
                            "statement.0.not_principals.#": "0",
                            "statement.0.not_resources.#": "0",
                            "statement.0.principals.#": "1",
                            "statement.0.principals.1686132710.identifiers.#": "1",
                            "statement.0.principals.1686132710.identifiers.2785274257": "arn:aws:iam::797873946194:root",
                            "statement.0.principals.1686132710.type": "AWS",
                            "statement.0.resources.#": "1",
                            "statement.0.resources.3199503824": "arn:aws:s3:::er-web-test-staging-app-logs/*",
                            "statement.0.sid": "",
                            "version": "2012-10-17"
                        },
                        "meta": {},
                        "tainted": false
                    },
                    "deposed": [],
                    "provider": "provider.aws"
                },
                "data.aws_iam_policy_document.service": {
                    "type": "aws_iam_policy_document",
                    "depends_on": [],
                    "primary": {
                        "id": "3596823395",
                        "attributes": {
                            "id": "3596823395",
                            "json": "{\n  \"Version\": \"2012-10-17\",\n  \"Statement\": [\n    {\n      \"Sid\": \"\",\n      \"Effect\": \"Allow\",\n      \"Action\": \"sts:AssumeRole\",\n      \"Principal\": {\n        \"Service\": \"elasticbeanstalk.amazonaws.com\"\n      }\n    }\n  ]\n}",
                            "statement.#": "1",
                            "statement.0.actions.#": "1",
                            "statement.0.actions.2528466339": "sts:AssumeRole",
                            "statement.0.condition.#": "0",
                            "statement.0.effect": "Allow",
                            "statement.0.not_actions.#": "0",
                            "statement.0.not_principals.#": "0",
                            "statement.0.not_resources.#": "0",
                            "statement.0.principals.#": "1",
                            "statement.0.principals.2044918648.identifiers.#": "1",
                            "statement.0.principals.2044918648.identifiers.3970710366": "elasticbeanstalk.amazonaws.com",
                            "statement.0.principals.2044918648.type": "Service",
                            "statement.0.resources.#": "0",
                            "statement.0.sid": "",
                            "version": "2012-10-17"
                        },
                        "meta": {},
                        "tainted": false
                    },
                    "deposed": [],
                    "provider": "provider.aws"
                },
                "data.aws_region.default": {
                    "type": "aws_region",
                    "depends_on": [],
                    "primary": {
                        "id": "us-west-2",
                        "attributes": {
                            "description": "US West (Oregon)",
                            "endpoint": "ec2.us-west-2.amazonaws.com",
                            "id": "us-west-2",
                            "name": "us-west-2"
                        },
                        "meta": {},
                        "tainted": false
                    },
                    "deposed": [],
                    "provider": "provider.aws"
                }
            },
            "depends_on": []
        },
        {
            "path": [
                "root",
                "label"
            ],
            "outputs": {
                "attributes": {
                    "sensitive": false,
                    "type": "string",
                    "value": ""
                },
                "id": {
                    "sensitive": false,
                    "type": "string",
                    "value": "er-web-test-staging-app"
                },
                "name": {
                    "sensitive": false,
                    "type": "string",
                    "value": "app"
                },
                "namespace": {
                    "sensitive": false,
                    "type": "string",
                    "value": "er-web-test"
                },
                "stage": {
                    "sensitive": false,
                    "type": "string",
                    "value": "staging"
                },
                "tags": {
                    "sensitive": false,
                    "type": "map",
                    "value": {
                        "Name": "er-web-test-staging-app",
                        "Namespace": "er-web-test",
                        "Stage": "staging"
                    }
                }
            },
            "resources": {},
            "depends_on": []
        },
        {
            "path": [
                "root",
                "tld"
            ],
            "outputs": {
                "hostname": {
                    "sensitive": false,
                    "type": "string",
                    "value": ""
                }
            },
            "resources": {},
            "depends_on": []
        }
    ]
}
